
Microsoft Visual Studio Solution File, Format Version 12.00
# Visual Studio 14
VisualStudioVersion = 14.0.25420.1
MinimumVisualStudioVersion = 10.0.40219.1
Project("{FAE04EC0-301F-11D3-BF4B-00C04F79EFBC}") = "Seng", "Seng\Seng.csproj", "{32240355-9055-4B0F-AF04-6124871E96C4}"
EndProject
Project("{FAE04EC0-301F-11D3-BF4B-00C04F79EFBC}") = "Tests", "Tests\Tests.csproj", "{2EFFF0CA-EDD6-489D-B0FD-14B90EEDE0A4}"
EndProject
Project("{FAE04EC0-301F-11D3-BF4B-00C04F79EFBC}") = "Seng.MonoGame", "Seng.MonoGame\Seng.MonoGame.csproj", "{2D0F33CE-CD45-4711-8D3A-E8F99B24AB5B}"
EndProject
Global
	GlobalSection(SolutionConfigurationPlatforms) = preSolution
		Debug|Any CPU = Debug|Any CPU
		Release|Any CPU = Release|Any CPU
	EndGlobalSection
	GlobalSection(ProjectConfigurationPlatforms) = postSolution
		{32240355-9055-4B0F-AF04-6124871E96C4}.Debug|Any CPU.ActiveCfg = Debug|Any CPU
		{32240355-9055-4B0F-AF04-6124871E96C4}.Debug|Any CPU.Build.0 = Debug|Any CPU
		{32240355-9055-4B0F-AF04-6124871E96C4}.Release|Any CPU.ActiveCfg = Release|Any CPU
		{32240355-9055-4B0F-AF04-6124871E96C4}.Release|Any CPU.Build.0 = Release|Any CPU
		{2EFFF0CA-EDD6-489D-B0FD-14B90EEDE0A4}.Debug|Any CPU.ActiveCfg = Debug|Any CPU
		{2EFFF0CA-EDD6-489D-B0FD-14B90EEDE0A4}.Debug|Any CPU.Build.0 = Debug|Any CPU
		{2EFFF0CA-EDD6-489D-B0FD-14B90EEDE0A4}.Release|Any CPU.ActiveCfg = Release|Any CPU
		{2EFFF0CA-EDD6-489D-B0FD-14B90EEDE0A4}.Release|Any CPU.Build.0 = Release|Any CPU
		{2D0F33CE-CD45-4711-8D3A-E8F99B24AB5B}.Debug|Any CPU.ActiveCfg = Debug|Any CPU
		{2D0F33CE-CD45-4711-8D3A-E8F99B24AB5B}.Debug|Any CPU.Build.0 = Debug|Any CPU
		{2D0F33CE-CD45-4711-8D3A-E8F99B24AB5B}.Release|Any CPU.ActiveCfg = Release|Any CPU
		{2D0F33CE-CD45-4711-8D3A-E8F99B24AB5B}.Release|Any CPU.Build.0 = Release|Any CPU
	EndGlobalSection
	GlobalSection(SolutionProperties) = preSolution
		HideSolutionNode = FALSE
	EndGlobalSection
	GlobalSection(ExtensibilityGlobals) = postSolution
		SolutionGuid = {2C56EAA3-13E8-42B7-AFA7-DDBDFE223D49}
	EndGlobalSection
EndGlobal
